{
  "name": "gemini-commit-assistant",
  "version": "1.0.2",
  "lockfileVersion": 3,
  "requires": true,
  "packages": {
    "": {
      "name": "gemini-commit-assistant",
      "version": "1.0.2",
      "license": "MIT",
      "bin": {
        "ai-commit": "bin/ai-commit",
        "aic": "bin/ai-commit"
      },
      "engines": {
        "node": ">=16.0.0"
      },
      "peerDependencies": {
        "@google/gemini-cli": ">=0.1.0"
      }
    }
  }
}
